<?xml version="1.0" encoding="utf-8"?>
<Project ToolsVersion="4.0" xmlns="http://schemas.microsoft.com/developer/msbuild/2003">
  <ItemGroup>
    <Filter Include="源文件">
      <UniqueIdentifier>{4FC737F1-C7A5-4376-A066-2A32D752A2FF}</UniqueIdentifier>
      <Extensions>cpp;c;cc;cxx;def;odl;idl;hpj;bat;asm;asmx</Extensions>
    </Filter>
    <Filter Include="头文件">
      <UniqueIdentifier>{93995380-89BD-4b04-88EB-625FBE52EBFB}</UniqueIdentifier>
      <Extensions>h;hh;hpp;hxx;hm;inl;inc;xsd</Extensions>
    </Filter>
    <Filter Include="资源文件">
      <UniqueIdentifier>{67DA6AB6-F800-4c08-8B7A-83BB121AAD01}</UniqueIdentifier>
      <Extensions>rc;ico;cur;bmp;dlg;rc2;rct;bin;rgs;gif;jpg;jpeg;jpe;resx;tiff;tif;png;wav;mfcribbon-ms</Extensions>
    </Filter>
    <Filter Include="Record">
      <UniqueIdentifier>{8eef1e4d-a963-475b-9d4a-783ac7d09997}</UniqueIdentifier>
    </Filter>
    <Filter Include="Stream">
      <UniqueIdentifier>{0d0f90b1-2ba3-4f8a-8f4f-54e4071fbbcb}</UniqueIdentifier>
    </Filter>
  </ItemGroup>
  <ItemGroup>
    <Text Include="ReadMe.txt" />
  </ItemGroup>
  <ItemGroup>
    <ClInclude Include="stdafx.h">
      <Filter>头文件</Filter>
    </ClInclude>
    <ClInclude Include="targetver.h">
      <Filter>头文件</Filter>
    </ClInclude>
    <ClInclude Include="CustomOperators.h">
      <Filter>头文件</Filter>
    </ClInclude>
    <ClInclude Include="StructuredStorageReader.h">
      <Filter>头文件</Filter>
    </ClInclude>
    <ClInclude Include="InputHandler.h">
      <Filter>头文件</Filter>
    </ClInclude>
    <ClInclude Include="AbstractIOHandler.h">
      <Filter>头文件</Filter>
    </ClInclude>
    <ClInclude Include="AbstractHeader.h">
      <Filter>头文件</Filter>
    </ClInclude>
    <ClInclude Include="InternalBitConverter.h">
      <Filter>头文件</Filter>
    </ClInclude>
    <ClInclude Include="Header.h">
      <Filter>头文件</Filter>
    </ClInclude>
    <ClInclude Include="Common.h">
      <Filter>头文件</Filter>
    </ClInclude>
    <ClInclude Include="Fat.h">
      <Filter>头文件</Filter>
    </ClInclude>
    <ClInclude Include="AbstractFat.h">
      <Filter>头文件</Filter>
    </ClInclude>
    <ClInclude Include="GlobalDefines.h">
      <Filter>头文件</Filter>
    </ClInclude>
    <ClInclude Include="DirectoryTree.h">
      <Filter>头文件</Filter>
    </ClInclude>
    <ClInclude Include="DirectoryEntry.h">
      <Filter>头文件</Filter>
    </ClInclude>
    <ClInclude Include="AbstractDirectoryEntry.h">
      <Filter>头文件</Filter>
    </ClInclude>
    <ClInclude Include="MiniFat.h">
      <Filter>头文件</Filter>
    </ClInclude>
    <ClInclude Include="PowerPointDocument.h">
      <Filter>头文件</Filter>
    </ClInclude>
    <ClInclude Include="Singleton.h">
      <Filter>头文件</Filter>
    </ClInclude>
    <ClInclude Include="Record.h">
      <Filter>Record</Filter>
    </ClInclude>
    <ClInclude Include="RecordFactory.h">
      <Filter>Record</Filter>
    </ClInclude>
    <ClInclude Include="CurrentUserAtom.h">
      <Filter>Record</Filter>
    </ClInclude>
    <ClInclude Include="resource.h">
      <Filter>头文件</Filter>
    </ClInclude>
    <ClInclude Include="Pictures.h">
      <Filter>Record</Filter>
    </ClInclude>
    <ClInclude Include="BitmapBlip.h">
      <Filter>头文件</Filter>
    </ClInclude>
    <ClInclude Include="BaseStream.h">
      <Filter>Stream</Filter>
    </ClInclude>
    <ClInclude Include="SimpleBinStream.h">
      <Filter>Stream</Filter>
    </ClInclude>
    <ClInclude Include="VirtualStream.h">
      <Filter>Stream</Filter>
    </ClInclude>
    <ClInclude Include="MemoryStream.h">
      <Filter>Stream</Filter>
    </ClInclude>
    <ClInclude Include="BinaryReader.h">
      <Filter>Stream</Filter>
    </ClInclude>
  </ItemGroup>
  <ItemGroup>
    <ClCompile Include="stdafx.cpp">
      <Filter>源文件</Filter>
    </ClCompile>
    <ClCompile Include="TestStructuredStorage.cpp">
      <Filter>源文件</Filter>
    </ClCompile>
    <ClCompile Include="StructuredStorageReader.cpp">
      <Filter>源文件</Filter>
    </ClCompile>
    <ClCompile Include="InputHandler.cpp">
      <Filter>源文件</Filter>
    </ClCompile>
    <ClCompile Include="AbstractIOHandler.cpp">
      <Filter>源文件</Filter>
    </ClCompile>
    <ClCompile Include="AbstractHeader.cpp">
      <Filter>源文件</Filter>
    </ClCompile>
    <ClCompile Include="InternalBitConverter.cpp">
      <Filter>源文件</Filter>
    </ClCompile>
    <ClCompile Include="Header.cpp">
      <Filter>源文件</Filter>
    </ClCompile>
    <ClCompile Include="Fat.cpp">
      <Filter>源文件</Filter>
    </ClCompile>
    <ClCompile Include="AbstractFat.cpp">
      <Filter>源文件</Filter>
    </ClCompile>
    <ClCompile Include="DirectoryTree.cpp">
      <Filter>源文件</Filter>
    </ClCompile>
    <ClCompile Include="DirectoryEntry.cpp">
      <Filter>源文件</Filter>
    </ClCompile>
    <ClCompile Include="AbstractDirectoryEntry.cpp">
      <Filter>源文件</Filter>
    </ClCompile>
    <ClCompile Include="Common.cpp">
      <Filter>源文件</Filter>
    </ClCompile>
    <ClCompile Include="MiniFat.cpp">
      <Filter>源文件</Filter>
    </ClCompile>
    <ClCompile Include="PowerPointDocument.cpp">
      <Filter>源文件</Filter>
    </ClCompile>
    <ClCompile Include="CurrentUserAtom.cpp">
      <Filter>Record</Filter>
    </ClCompile>
    <ClCompile Include="Record.cpp">
      <Filter>Record</Filter>
    </ClCompile>
    <ClCompile Include="RecordFactory.cpp">
      <Filter>Record</Filter>
    </ClCompile>
    <ClCompile Include="Pictures.cpp">
      <Filter>Record</Filter>
    </ClCompile>
    <ClCompile Include="BitmapBlip.cpp">
      <Filter>源文件</Filter>
    </ClCompile>
    <ClCompile Include="BaseStream.cpp">
      <Filter>Stream</Filter>
    </ClCompile>
    <ClCompile Include="MemoryStream.cpp">
      <Filter>Stream</Filter>
    </ClCompile>
    <ClCompile Include="VirtualStream.cpp">
      <Filter>Stream</Filter>
    </ClCompile>
    <ClCompile Include="BinaryReader.cpp">
      <Filter>Stream</Filter>
    </ClCompile>
  </ItemGroup>
  <ItemGroup>
    <ResourceCompile Include="TestStructuredStorage.rc">
      <Filter>资源文件</Filter>
    </ResourceCompile>
  </ItemGroup>
</Project>